
Microsoft Visual Studio Solution File, Format Version 12.00
# Visual Studio Version 17
VisualStudioVersion = 17.9.34607.119
MinimumVisualStudioVersion = 10.0.40219.1
Project("{9A19103F-16F7-4668-BE54-9A1E7A4F7556}") = "NCMDump", "NCMDump\NCMDump.csproj", "{31B38B53-5EC3-4E92-B127-3B808CA756B7}"
EndProject
Global
	GlobalSection(SolutionConfigurationPlatforms) = preSolution
		Debug|Any CPU = Debug|Any CPU
		Debug|ARM64 = Debug|ARM64
		Release|Any CPU = Release|Any CPU
		Release|ARM64 = Release|ARM64
	EndGlobalSection
	GlobalSection(ProjectConfigurationPlatforms) = postSolution
		{31B38B53-5EC3-4E92-B127-3B808CA756B7}.Debug|Any CPU.ActiveCfg = Debug|Any CPU
		{31B38B53-5EC3-4E92-B127-3B808CA756B7}.Debug|Any CPU.Build.0 = Debug|Any CPU
		{31B38B53-5EC3-4E92-B127-3B808CA756B7}.Debug|Any CPU.Deploy.0 = Debug|Any CPU
		{31B38B53-5EC3-4E92-B127-3B808CA756B7}.Debug|ARM64.ActiveCfg = Debug|ARM64
		{31B38B53-5EC3-4E92-B127-3B808CA756B7}.Debug|ARM64.Build.0 = Debug|ARM64
		{31B38B53-5EC3-4E92-B127-3B808CA756B7}.Debug|ARM64.Deploy.0 = Debug|ARM64
		{31B38B53-5EC3-4E92-B127-3B808CA756B7}.Release|Any CPU.ActiveCfg = Release|Any CPU
		{31B38B53-5EC3-4E92-B127-3B808CA756B7}.Release|Any CPU.Build.0 = Release|Any CPU
		{31B38B53-5EC3-4E92-B127-3B808CA756B7}.Release|Any CPU.Deploy.0 = Release|Any CPU
		{31B38B53-5EC3-4E92-B127-3B808CA756B7}.Release|ARM64.ActiveCfg = Release|ARM64
		{31B38B53-5EC3-4E92-B127-3B808CA756B7}.Release|ARM64.Build.0 = Release|ARM64
		{31B38B53-5EC3-4E92-B127-3B808CA756B7}.Release|ARM64.Deploy.0 = Release|ARM64
	EndGlobalSection
	GlobalSection(SolutionProperties) = preSolution
		HideSolutionNode = FALSE
	EndGlobalSection
	GlobalSection(ExtensibilityGlobals) = postSolution
		SolutionGuid = {38964D09-DB26-4461-96FD-F61510E570A3}
	EndGlobalSection
EndGlobal
